// !$*UTF8*$!
{
	archiveVersion = 1;
	classes = {
	};
	objectVersion = 55;
	objects = {

/* Begin PBXBuildFile section */
		7472A9092A29FACB008C6B05 /* AppDelegate.swift in Sources */ = {isa = PBXBuildFile; fileRef = 7472A9082A29FACB008C6B05 /* AppDelegate.swift */; };
		7472A90B2A29FACB008C6B05 /* SceneDelegate.swift in Sources */ = {isa = PBXBuildFile; fileRef = 7472A90A2A29FACB008C6B05 /* SceneDelegate.swift */; };
		7472A90D2A29FACB008C6B05 /* ViewController.swift in Sources */ = {isa = PBXBuildFile; fileRef = 7472A90C2A29FACB008C6B05 /* ViewController.swift */; };
		7472A9102A29FACB008C6B05 /* Main.storyboard in Resources */ = {isa = PBXBuildFile; fileRef = 7472A90E2A29FACB008C6B05 /* Main.storyboard */; };
		7472A9122A29FACC008C6B05 /* Assets.xcassets in Resources */ = {isa = PBXBuildFile; fileRef = 7472A9112A29FACC008C6B05 /* Assets.xcassets */; };
		7472A9152A29FACC008C6B05 /* LaunchScreen.storyboard in Resources */ = {isa = PBXBuildFile; fileRef = 7472A9132A29FACC008C6B05 /* LaunchScreen.storyboard */; };
		7472A9242A29FB68008C6B05 /* ResponseModel.swift in Sources */ = {isa = PBXBuildFile; fileRef = 7472A9232A29FB68008C6B05 /* ResponseModel.swift */; };
		7472A9292A2A0498008C6B05 /* Constants.swift in Sources */ = {isa = PBXBuildFile; fileRef = 7472A9282A2A0498008C6B05 /* Constants.swift */; };
		7472A92B2A2A3543008C6B05 /* APIManager.swift in Sources */ = {isa = PBXBuildFile; fileRef = 7472A92A2A2A3543008C6B05 /* APIManager.swift */; };
/* End PBXBuildFile section */

/* Begin PBXFileReference section */
		7472A9052A29FACB008C6B05 /* WasteManagement.app */ = {isa = PBXFileReference; explicitFileType = wrapper.application; includeInIndex = 0; path = WasteManagement.app; sourceTree = BUILT_PRODUCTS_DIR; };
		7472A9082A29FACB008C6B05 /* AppDelegate.swift */ = {isa = PBXFileReference; lastKnownFileType = sourcecode.swift; path = AppDelegate.swift; sourceTree = "<group>"; };
		7472A90A2A29FACB008C6B05 /* SceneDelegate.swift */ = {isa = PBXFileReference; lastKnownFileType = sourcecode.swift; path = SceneDelegate.swift; sourceTree = "<group>"; };
		7472A90C2A29FACB008C6B05 /* ViewController.swift */ = {isa = PBXFileReference; lastKnownFileType = sourcecode.swift; path = ViewController.swift; sourceTree = "<group>"; };
		7472A90F2A29FACB008C6B05 /* Base */ = {isa = PBXFileReference; lastKnownFileType = file.storyboard; name = Base; path = Base.lproj/Main.storyboard; sourceTree = "<group>"; };
		7472A9112A29FACC008C6B05 /* Assets.xcassets */ = {isa = PBXFileReference; lastKnownFileType = folder.assetcatalog; path = Assets.xcassets; sourceTree = "<group>"; };
		7472A9142A29FACC008C6B05 /* Base */ = {isa = PBXFileReference; lastKnownFileType = file.storyboard; name = Base; path = Base.lproj/LaunchScreen.storyboard; sourceTree = "<group>"; };
		7472A9162A29FACC008C6B05 /* Info.plist */ = {isa = PBXFileReference; lastKnownFileType = text.plist.xml; path = Info.plist; sourceTree = "<group>"; };
		7472A9232A29FB68008C6B05 /* ResponseModel.swift */ = {isa = PBXFileReference; lastKnownFileType = sourcecode.swift; path = ResponseModel.swift; sourceTree = "<group>"; };
		7472A9282A2A0498008C6B05 /* Constants.swift */ = {isa = PBXFileReference; lastKnownFileType = sourcecode.swift; path = Constants.swift; sourceTree = "<group>"; };
		7472A92A2A2A3543008C6B05 /* APIManager.swift */ = {isa = PBXFileReference; lastKnownFileType = sourcecode.swift; path = APIManager.swift; sourceTree = "<group>"; };
/* End PBXFileReference section */

/* Begin PBXFrameworksBuildPhase section */
		7472A9022A29FACB008C6B05 /* Frameworks */ = {
			isa = PBXFrameworksBuildPhase;
			buildActionMask = 2147483647;
			files = (
			);
			runOnlyForDeploymentPostprocessing = 0;
		};
/* End PBXFrameworksBuildPhase section */

/* Begin PBXGroup section */
		7472A8FC2A29FACB008C6B05 = {
			isa = PBXGroup;
			children = (
				7472A9072A29FACB008C6B05 /* WasteManagement */,
				7472A9062A29FACB008C6B05 /* Products */,
			);
			sourceTree = "<group>";
		};
		7472A9062A29FACB008C6B05 /* Products */ = {
			isa = PBXGroup;
			children = (
				7472A9052A29FACB008C6B05 /* WasteManagement.app */,
			);
			name = Products;
			sourceTree = "<group>";
		};
		7472A9072A29FACB008C6B05 /* WasteManagement */ = {
			isa = PBXGroup;
			children = (
				7472A9272A2A0486008C6B05 /* Constants */,
				7472A91D2A29FAE3008C6B05 /* Model */,
				7472A9212A29FB18008C6B05 /* ViewModel */,
				7472A9202A29FB0A008C6B05 /* View */,
				7472A91C2A29FADB008C6B05 /* Resources */,
				7472A90E2A29FACB008C6B05 /* Main.storyboard */,
				7472A9112A29FACC008C6B05 /* Assets.xcassets */,
				7472A9132A29FACC008C6B05 /* LaunchScreen.storyboard */,
				7472A9162A29FACC008C6B05 /* Info.plist */,
			);
			path = WasteManagement;
			sourceTree = "<group>";
		};
		7472A91C2A29FADB008C6B05 /* Resources */ = {
			isa = PBXGroup;
			children = (
				7472A9082A29FACB008C6B05 /* AppDelegate.swift */,
				7472A90A2A29FACB008C6B05 /* SceneDelegate.swift */,
			);
			path = Resources;
			sourceTree = "<group>";
		};
		7472A91D2A29FAE3008C6B05 /* Model */ = {
			isa = PBXGroup;
			children = (
				7472A91F2A29FAFA008C6B05 /* ResponseData */,
			);
			path = Model;
			sourceTree = "<group>";
		};
		7472A91E2A29FAEE008C6B05 /* APICaller */ = {
			isa = PBXGroup;
			children = (
				7472A92A2A2A3543008C6B05 /* APIManager.swift */,
			);
			path = APICaller;
			sourceTree = "<group>";
		};
		7472A91F2A29FAFA008C6B05 /* ResponseData */ = {
			isa = PBXGroup;
			children = (
				7472A9232A29FB68008C6B05 /* ResponseModel.swift */,
			);
			path = ResponseData;
			sourceTree = "<group>";
		};
		7472A9202A29FB0A008C6B05 /* View */ = {
			isa = PBXGroup;
			children = (
			);
			path = View;
			sourceTree = "<group>";
		};
		7472A9212A29FB18008C6B05 /* ViewModel */ = {
			isa = PBXGroup;
			children = (
				7472A9222A29FB3F008C6B05 /* Controllers */,
				7472A91E2A29FAEE008C6B05 /* APICaller */,
			);
			path = ViewModel;
			sourceTree = "<group>";
		};
		7472A9222A29FB3F008C6B05 /* Controllers */ = {
			isa = PBXGroup;
			children = (
				7472A90C2A29FACB008C6B05 /* ViewController.swift */,
			);
			path = Controllers;
			sourceTree = "<group>";
		};
		7472A9272A2A0486008C6B05 /* Constants */ = {
			isa = PBXGroup;
			children = (
				7472A9282A2A0498008C6B05 /* Constants.swift */,
			);
			path = Constants;
			sourceTree = "<group>";
		};
/* End PBXGroup section */

/* Begin PBXNativeTarget section */
		7472A9042A29FACB008C6B05 /* WasteManagement */ = {
			isa = PBXNativeTarget;
			buildConfigurationList = 7472A9192A29FACC008C6B05 /* Build configuration list for PBXNativeTarget "WasteManagement" */;
			buildPhases = (
				7472A9012A29FACB008C6B05 /* Sources */,
				7472A9022A29FACB008C6B05 /* Frameworks */,
				7472A9032A29FACB008C6B05 /* Resources */,
			);
			buildRules = (
			);
			dependencies = (
			);
			name = WasteManagement;
			productName = WasteManagement;
			productReference = 7472A9052A29FACB008C6B05 /* WasteManagement.app */;
			productType = "com.apple.product-type.application";
		};
/* End PBXNativeTarget section */

/* Begin PBXProject section */
		7472A8FD2A29FACB008C6B05 /* Project object */ = {
			isa = PBXProject;
			attributes = {
				BuildIndependentTargetsInParallel = 1;
				LastSwiftUpdateCheck = 1430;
				LastUpgradeCheck = 1430;
				TargetAttributes = {
					7472A9042A29FACB008C6B05 = {
						CreatedOnToolsVersion = 14.3;
					};
				};
			};
			buildConfigurationList = 7472A9002A29FACB008C6B05 /* Build configuration list for PBXProject "WasteManagement" */;
			compatibilityVersion = "Xcode 13.0";
			developmentRegion = en;
			hasScannedForEncodings = 0;
			knownRegions = (
				en,
				Base,
			);
			mainGroup = 7472A8FC2A29FACB008C6B05;
			productRefGroup = 7472A9062A29FACB008C6B05 /* Products */;
			projectDirPath = "";
			projectRoot = "";
			targets = (
				7472A9042A29FACB008C6B05 /* WasteManagement */,
			);
		};
/* End PBXProject section */

/* Begin PBXResourcesBuildPhase section */
		7472A9032A29FACB008C6B05 /* Resources */ = {
			isa = PBXResourcesBuildPhase;
			buildActionMask = 2147483647;
			files = (
				7472A9152A29FACC008C6B05 /* LaunchScreen.storyboard in Resources */,
				7472A9122A29FACC008C6B05 /* Assets.xcassets in Resources */,
				7472A9102A29FACB008C6B05 /* Main.storyboard in Resources */,
			);
			runOnlyForDeploymentPostprocessing = 0;
		};
/* End PBXResourcesBuildPhase section */

/* Begin PBXSourcesBuildPhase section */
		7472A9012A29FACB008C6B05 /* Sources */ = {
			isa = PBXSourcesBuildPhase;
			buildActionMask = 2147483647;
			files = (
				7472A90D2A29FACB008C6B05 /* ViewController.swift in Sources */,
				7472A9092A29FACB008C6B05 /* AppDelegate.swift in Sources */,
				7472A9242A29FB68008C6B05 /* ResponseModel.swift in Sources */,
				7472A90B2A29FACB008C6B05 /* SceneDelegate.swift in Sources */,
				7472A9292A2A0498008C6B05 /* Constants.swift in Sources */,
				7472A92B2A2A3543008C6B05 /* APIManager.swift in Sources */,
			);
			runOnlyForDeploymentPostprocessing = 0;
		};
/* End PBXSourcesBuildPhase section */

/* Begin PBXVariantGroup section */
		7472A90E2A29FACB008C6B05 /* Main.storyboard */ = {
			isa = PBXVariantGroup;
			children = (
				7472A90F2A29FACB008C6B05 /* Base */,
			);
			name = Main.storyboard;
			sourceTree = "<group>";
		};
		7472A9132A29FACC008C6B05 /* LaunchScreen.storyboard */ = {
			isa = PBXVariantGroup;
			children = (
				7472A9142A29FACC008C6B05 /* Base */,
			);
			name = LaunchScreen.storyboard;
			sourceTree = "<group>";
		};
/* End PBXVariantGroup section */

/* Begin XCBuildConfiguration section */
		7472A9172A29FACC008C6B05 /* Debug */ = {
			isa = XCBuildConfiguration;
			buildSettings = {
				ALWAYS_SEARCH_USER_PATHS = NO;
				CLANG_ANALYZER_NONNULL = YES;
				CLANG_ANALYZER_NUMBER_OBJECT_CONVERSION = YES_AGGRESSIVE;
				CLANG_CXX_LANGUAGE_STANDARD = "gnu++20";
				CLANG_ENABLE_MODULES = YES;
				CLANG_ENABLE_OBJC_ARC = YES;
				CLANG_ENABLE_OBJC_WEAK = YES;
				CLANG_WARN_BLOCK_CAPTURE_AUTORELEASING = YES;
				CLANG_WARN_BOOL_CONVERSION = YES;
				CLANG_WARN_COMMA = YES;
				CLANG_WARN_CONSTANT_CONVERSION = YES;
				CLANG_WARN_DEPRECATED_OBJC_IMPLEMENTATIONS = YES;
				CLANG_WARN_DIRECT_OBJC_ISA_USAGE = YES_ERROR;
				CLANG_WARN_DOCUMENTATION_COMMENTS = YES;
				CLANG_WARN_EMPTY_BODY = YES;
				CLANG_WARN_ENUM_CONVERSION = YES;
				CLANG_WARN_INFINITE_RECURSION = YES;
				CLANG_WARN_INT_CONVERSION = YES;
				CLANG_WARN_NON_LITERAL_NULL_CONVERSION = YES;
				CLANG_WARN_OBJC_IMPLICIT_RETAIN_SELF = YES;
				CLANG_WARN_OBJC_LITERAL_CONVERSION = YES;
				CLANG_WARN_OBJC_ROOT_CLASS = YES_ERROR;
				CLANG_WARN_QUOTED_INCLUDE_IN_FRAMEWORK_HEADER = YES;
				CLANG_WARN_RANGE_LOOP_ANALYSIS = YES;
				CLANG_WARN_STRICT_PROTOTYPES = YES;
				CLANG_WARN_SUSPICIOUS_MOVE = YES;
				CLANG_WARN_UNGUARDED_AVAILABILITY = YES_AGGRESSIVE;
				CLANG_WARN_UNREACHABLE_CODE = YES;
				CLANG_WARN__DUPLICATE_METHOD_MATCH = YES;
				COPY_PHASE_STRIP = NO;
				DEBUG_INFORMATION_FORMAT = dwarf;
				ENABLE_STRICT_OBJC_MSGSEND = YES;
				ENABLE_TESTABILITY = YES;
				GCC_C_LANGUAGE_STANDARD = gnu11;
				GCC_DYNAMIC_NO_PIC = NO;
				GCC_NO_COMMON_BLOCKS = YES;
				GCC_OPTIMIZATION_LEVEL = 0;
				GCC_PREPROCESSOR_DEFINITIONS = (
					"DEBUG=1",
					"$(inherited)",
				);
				GCC_WARN_64_TO_32_BIT_CONVERSION = YES;
				GCC_WARN_ABOUT_RETURN_TYPE = YES_ERROR;
				GCC_WARN_UNDECLARED_SELECTOR = YES;
				GCC_WARN_UNINITIALIZED_AUTOS = YES_AGGRESSIVE;
				GCC_WARN_UNUSED_FUNCTION = YES;
				GCC_WARN_UNUSED_VARIABLE = YES;
				IPHONEOS_DEPLOYMENT_TARGET = 15.6;
				MTL_ENABLE_DEBUG_INFO = INCLUDE_SOURCE;
				MTL_FAST_MATH = YES;
				ONLY_ACTIVE_ARCH = YES;
				SDKROOT = iphoneos;
				SWIFT_ACTIVE_COMPILATION_CONDITIONS = DEBUG;
				SWIFT_OPTIMIZATION_LEVEL = "-Onone";
			};
			name = Debug;
		};
		7472A9182A29FACC008C6B05 /* Release */ = {
			isa = XCBuildConfiguration;
			buildSettings = {
				ALWAYS_SEARCH_USER_PATHS = NO;
				CLANG_ANALYZER_NONNULL = YES;
				CLANG_ANALYZER_NUMBER_OBJECT_CONVERSION = YES_AGGRESSIVE;
				CLANG_CXX_LANGUAGE_STANDARD = "gnu++20";
				CLANG_ENABLE_MODULES = YES;
				CLANG_ENABLE_OBJC_ARC = YES;
				CLANG_ENABLE_OBJC_WEAK = YES;
				CLANG_WARN_BLOCK_CAPTURE_AUTORELEASING = YES;
				CLANG_WARN_BOOL_CONVERSION = YES;
				CLANG_WARN_COMMA = YES;
				CLANG_WARN_CONSTANT_CONVERSION = YES;
				CLANG_WARN_DEPRECATED_OBJC_IMPLEMENTATIONS = YES;
				CLANG_WARN_DIRECT_OBJC_ISA_USAGE = YES_ERROR;
				CLANG_WARN_DOCUMENTATION_COMMENTS = YES;
				CLANG_WARN_EMPTY_BODY = YES;
				CLANG_WARN_ENUM_CONVERSION = YES;
				CLANG_WARN_INFINITE_RECURSION = YES;
				CLANG_WARN_INT_CONVERSION = YES;
				CLANG_WARN_NON_LITERAL_NULL_CONVERSION = YES;
				CLANG_WARN_OBJC_IMPLICIT_RETAIN_SELF = YES;
				CLANG_WARN_OBJC_LITERAL_CONVERSION = YES;
				CLANG_WARN_OBJC_ROOT_CLASS = YES_ERROR;
				CLANG_WARN_QUOTED_INCLUDE_IN_FRAMEWORK_HEADER = YES;
				CLANG_WARN_RANGE_LOOP_ANALYSIS = YES;
				CLANG_WARN_STRICT_PROTOTYPES = YES;
				CLANG_WARN_SUSPICIOUS_MOVE = YES;
				CLANG_WARN_UNGUARDED_AVAILABILITY = YES_AGGRESSIVE;
				CLANG_WARN_UNREACHABLE_CODE = YES;
				CLANG_WARN__DUPLICATE_METHOD_MATCH = YES;
				COPY_PHASE_STRIP = NO;
				DEBUG_INFORMATION_FORMAT = "dwarf-with-dsym";
				ENABLE_NS_ASSERTIONS = NO;
				ENABLE_STRICT_OBJC_MSGSEND = YES;
				GCC_C_LANGUAGE_STANDARD = gnu11;
				GCC_NO_COMMON_BLOCKS = YES;
				GCC_WARN_64_TO_32_BIT_CONVERSION = YES;
				GCC_WARN_ABOUT_RETURN_TYPE = YES_ERROR;
				GCC_WARN_UNDECLARED_SELECTOR = YES;
				GCC_WARN_UNINITIALIZED_AUTOS = YES_AGGRESSIVE;
				GCC_WARN_UNUSED_FUNCTION = YES;
				GCC_WARN_UNUSED_VARIABLE = YES;
				IPHONEOS_DEPLOYMENT_TARGET = 15.6;
				MTL_ENABLE_DEBUG_INFO = NO;
				MTL_FAST_MATH = YES;
				SDKROOT = iphoneos;
				SWIFT_COMPILATION_MODE = wholemodule;
				SWIFT_OPTIMIZATION_LEVEL = "-O";
				VALIDATE_PRODUCT = YES;
			};
			name = Release;
		};
		7472A91A2A29FACC008C6B05 /* Debug */ = {
			isa = XCBuildConfiguration;
			buildSettings = {
				ASSETCATALOG_COMPILER_APPICON_NAME = AppIcon;
				ASSETCATALOG_COMPILER_GLOBAL_ACCENT_COLOR_NAME = AccentColor;
				CODE_SIGN_STYLE = Automatic;
				CURRENT_PROJECT_VERSION = 1;
				GENERATE_INFOPLIST_FILE = YES;
				INFOPLIST_FILE = WasteManagement/Info.plist;
				INFOPLIST_KEY_UIApplicationSupportsIndirectInputEvents = YES;
				INFOPLIST_KEY_UILaunchStoryboardName = LaunchScreen;
				INFOPLIST_KEY_UIMainStoryboardFile = Main;
				INFOPLIST_KEY_UISupportedInterfaceOrientations_iPad = "UIInterfaceOrientationPortrait UIInterfaceOrientationPortraitUpsideDown UIInterfaceOrientationLandscapeLeft UIInterfaceOrientationLandscapeRight";
				INFOPLIST_KEY_UISupportedInterfaceOrientations_iPhone = "UIInterfaceOrientationPortrait UIInterfaceOrientationLandscapeLeft UIInterfaceOrientationLandscapeRight";
				LD_RUNPATH_SEARCH_PATHS = (
					"$(inherited)",
					"@executable_path/Frameworks",
				);
				MARKETING_VERSION = 1.0;
				PRODUCT_BUNDLE_IDENTIFIER = com.rencheeraj.WasteManagement;
				PRODUCT_NAME = "$(TARGET_NAME)";
				SWIFT_EMIT_LOC_STRINGS = YES;
				SWIFT_VERSION = 5.0;
				TARGETED_DEVICE_FAMILY = "1,2";
			};
			name = Debug;
		};
		7472A91B2A29FACC008C6B05 /* Release */ = {
			isa = XCBuildConfiguration;
			buildSettings = {
				ASSETCATALOG_COMPILER_APPICON_NAME = AppIcon;
				ASSETCATALOG_COMPILER_GLOBAL_ACCENT_COLOR_NAME = AccentColor;
				CODE_SIGN_STYLE = Automatic;
				CURRENT_PROJECT_VERSION = 1;
				GENERATE_INFOPLIST_FILE = YES;
				INFOPLIST_FILE = WasteManagement/Info.plist;
				INFOPLIST_KEY_UIApplicationSupportsIndirectInputEvents = YES;
				INFOPLIST_KEY_UILaunchStoryboardName = LaunchScreen;
				INFOPLIST_KEY_UIMainStoryboardFile = Main;
				INFOPLIST_KEY_UISupportedInterfaceOrientations_iPad = "UIInterfaceOrientationPortrait UIInterfaceOrientationPortraitUpsideDown UIInterfaceOrientationLandscapeLeft UIInterfaceOrientationLandscapeRight";
				INFOPLIST_KEY_UISupportedInterfaceOrientations_iPhone = "UIInterfaceOrientationPortrait UIInterfaceOrientationLandscapeLeft UIInterfaceOrientationLandscapeRight";
				LD_RUNPATH_SEARCH_PATHS = (
					"$(inherited)",
					"@executable_path/Frameworks",
				);
				MARKETING_VERSION = 1.0;
				PRODUCT_BUNDLE_IDENTIFIER = com.rencheeraj.WasteManagement;
				PRODUCT_NAME = "$(TARGET_NAME)";
				SWIFT_EMIT_LOC_STRINGS = YES;
				SWIFT_VERSION = 5.0;
				TARGETED_DEVICE_FAMILY = "1,2";
			};
			name = Release;
		};
/* End XCBuildConfiguration section */

/* Begin XCConfigurationList section */
		7472A9002A29FACB008C6B05 /* Build configuration list for PBXProject "WasteManagement" */ = {
			isa = XCConfigurationList;
			buildConfigurations = (
				7472A9172A29FACC008C6B05 /* Debug */,
				7472A9182A29FACC008C6B05 /* Release */,
			);
			defaultConfigurationIsVisible = 0;
			defaultConfigurationName = Release;
		};
		7472A9192A29FACC008C6B05 /* Build configuration list for PBXNativeTarget "WasteManagement" */ = {
			isa = XCConfigurationList;
			buildConfigurations = (
				7472A91A2A29FACC008C6B05 /* Debug */,
				7472A91B2A29FACC008C6B05 /* Release */,
			);
			defaultConfigurationIsVisible = 0;
			defaultConfigurationName = Release;
		};
/* End XCConfigurationList section */
	};
	rootObject = 7472A8FD2A29FACB008C6B05 /* Project object */;
}
